
Microsoft Visual Studio Solution File, Format Version 12.00
# Visual Studio Version 16
VisualStudioVersion = 16.0.32901.82
MinimumVisualStudioVersion = 10.0.40219.1
Project("{FAE04EC0-301F-11D3-BF4B-00C04F79EFBC}") = "EmbryoFrontToBack", "EmbryoFrontToBack\EmbryoFrontToBack.csproj", "{228D1E50-5692-4F29-9388-B0488B8D26F4}"
EndProject
Global
	GlobalSection(SolutionConfigurationPlatforms) = preSolution
		Debug|Any CPU = Debug|Any CPU
		Release|Any CPU = Release|Any CPU
	EndGlobalSection
	GlobalSection(ProjectConfigurationPlatforms) = postSolution
		{228D1E50-5692-4F29-9388-B0488B8D26F4}.Debug|Any CPU.ActiveCfg = Debug|Any CPU
		{228D1E50-5692-4F29-9388-B0488B8D26F4}.Debug|Any CPU.Build.0 = Debug|Any CPU
		{228D1E50-5692-4F29-9388-B0488B8D26F4}.Release|Any CPU.ActiveCfg = Release|Any CPU
		{228D1E50-5692-4F29-9388-B0488B8D26F4}.Release|Any CPU.Build.0 = Release|Any CPU
	EndGlobalSection
	GlobalSection(SolutionProperties) = preSolution
		HideSolutionNode = FALSE
	EndGlobalSection
	GlobalSection(ExtensibilityGlobals) = postSolution
		SolutionGuid = {DCEFB9D4-D7C8-4139-AF1E-7982CDB4DE90}
	EndGlobalSection
EndGlobal
